
Microsoft Visual Studio Solution File, Format Version 12.00
# Visual Studio Version 17
VisualStudioVersion = 17.9.34701.34
MinimumVisualStudioVersion = 10.0.40219.1
Project("{9A19103F-16F7-4668-BE54-9A1E7A4F7556}") = "View", "View.csproj", "{096995E9-41E6-439E-8F58-3CB503889311}"
EndProject
Project("{9A19103F-16F7-4668-BE54-9A1E7A4F7556}") = "Model", "..\Model\Model.csproj", "{C10CF772-5076-4EF8-AE02-6C524A4835F2}"
EndProject
Global
	GlobalSection(SolutionConfigurationPlatforms) = preSolution
		Debug|Any CPU = Debug|Any CPU
		Release|Any CPU = Release|Any CPU
	EndGlobalSection
	GlobalSection(ProjectConfigurationPlatforms) = postSolution
		{096995E9-41E6-439E-8F58-3CB503889311}.Debug|Any CPU.ActiveCfg = Debug|Any CPU
		{096995E9-41E6-439E-8F58-3CB503889311}.Debug|Any CPU.Build.0 = Debug|Any CPU
		{096995E9-41E6-439E-8F58-3CB503889311}.Release|Any CPU.ActiveCfg = Release|Any CPU
		{096995E9-41E6-439E-8F58-3CB503889311}.Release|Any CPU.Build.0 = Release|Any CPU
		{C10CF772-5076-4EF8-AE02-6C524A4835F2}.Debug|Any CPU.ActiveCfg = Debug|Any CPU
		{C10CF772-5076-4EF8-AE02-6C524A4835F2}.Debug|Any CPU.Build.0 = Debug|Any CPU
		{C10CF772-5076-4EF8-AE02-6C524A4835F2}.Release|Any CPU.ActiveCfg = Release|Any CPU
		{C10CF772-5076-4EF8-AE02-6C524A4835F2}.Release|Any CPU.Build.0 = Release|Any CPU
	EndGlobalSection
	GlobalSection(SolutionProperties) = preSolution
		HideSolutionNode = FALSE
	EndGlobalSection
	GlobalSection(ExtensibilityGlobals) = postSolution
		SolutionGuid = {E7DF0826-610B-40BD-9DCD-7EDA28BFB239}
	EndGlobalSection
EndGlobal
